
Microsoft Visual Studio Solution File, Format Version 12.00
# Visual Studio Version 17
VisualStudioVersion = 17.2.32616.157
MinimumVisualStudioVersion = 10.0.40219.1
Project("{FAE04EC0-301F-11D3-BF4B-00C04F79EFBC}") = "CarPaarkingBill", "CarPaarkingBill.csproj", "{ACEEF88F-70FA-4742-8552-3D7192E3B445}"
EndProject
Global
	GlobalSection(SolutionConfigurationPlatforms) = preSolution
		Debug|Any CPU = Debug|Any CPU
		Release|Any CPU = Release|Any CPU
	EndGlobalSection
	GlobalSection(ProjectConfigurationPlatforms) = postSolution
		{ACEEF88F-70FA-4742-8552-3D7192E3B445}.Debug|Any CPU.ActiveCfg = Debug|Any CPU
		{ACEEF88F-70FA-4742-8552-3D7192E3B445}.Debug|Any CPU.Build.0 = Debug|Any CPU
		{ACEEF88F-70FA-4742-8552-3D7192E3B445}.Release|Any CPU.ActiveCfg = Release|Any CPU
		{ACEEF88F-70FA-4742-8552-3D7192E3B445}.Release|Any CPU.Build.0 = Release|Any CPU
	EndGlobalSection
	GlobalSection(SolutionProperties) = preSolution
		HideSolutionNode = FALSE
	EndGlobalSection
	GlobalSection(ExtensibilityGlobals) = postSolution
		SolutionGuid = {B9674580-A22C-4749-9CEB-57151FBAEFD7}
	EndGlobalSection
EndGlobal
